
Microsoft Visual Studio Solution File, Format Version 12.00
# Visual Studio Version 17
VisualStudioVersion = 17.1.32421.90
MinimumVisualStudioVersion = 10.0.40219.1
Project("{FAE04EC0-301F-11D3-BF4B-00C04F79EFBC}") = "Summator", "Summator\Summator.csproj", "{7D840DCB-5092-4AED-A015-E187FCFE9CA9}"
EndProject
Project("{FAE04EC0-301F-11D3-BF4B-00C04F79EFBC}") = "Summator.Tests", "Summator.Tests\Summator.Tests.csproj", "{9B5E0FF5-497D-4B07-BB43-5D25953B300D}"
EndProject
Global
	GlobalSection(SolutionConfigurationPlatforms) = preSolution
		Debug|Any CPU = Debug|Any CPU
		Release|Any CPU = Release|Any CPU
	EndGlobalSection
	GlobalSection(ProjectConfigurationPlatforms) = postSolution
		{7D840DCB-5092-4AED-A015-E187FCFE9CA9}.Debug|Any CPU.ActiveCfg = Debug|Any CPU
		{7D840DCB-5092-4AED-A015-E187FCFE9CA9}.Debug|Any CPU.Build.0 = Debug|Any CPU
		{7D840DCB-5092-4AED-A015-E187FCFE9CA9}.Release|Any CPU.ActiveCfg = Release|Any CPU
		{7D840DCB-5092-4AED-A015-E187FCFE9CA9}.Release|Any CPU.Build.0 = Release|Any CPU
		{9B5E0FF5-497D-4B07-BB43-5D25953B300D}.Debug|Any CPU.ActiveCfg = Debug|Any CPU
		{9B5E0FF5-497D-4B07-BB43-5D25953B300D}.Debug|Any CPU.Build.0 = Debug|Any CPU
		{9B5E0FF5-497D-4B07-BB43-5D25953B300D}.Release|Any CPU.ActiveCfg = Release|Any CPU
		{9B5E0FF5-497D-4B07-BB43-5D25953B300D}.Release|Any CPU.Build.0 = Release|Any CPU
	EndGlobalSection
	GlobalSection(SolutionProperties) = preSolution
		HideSolutionNode = FALSE
	EndGlobalSection
	GlobalSection(ExtensibilityGlobals) = postSolution
		SolutionGuid = {2C2D3918-28F8-43B8-B9B5-9EA44114E66B}
	EndGlobalSection
EndGlobal
